
Microsoft Visual Studio Solution File, Format Version 12.00
# Visual Studio 14
VisualStudioVersion = 14.0.25123.0
MinimumVisualStudioVersion = 10.0.40219.1
Project("{FAE04EC0-301F-11D3-BF4B-00C04F79EFBC}") = "HelloName", "HelloName\HelloName.csproj", "{21A08DEE-8A01-4141-8BFA-ECA1CC6855FE}"
EndProject
Project("{FAE04EC0-301F-11D3-BF4B-00C04F79EFBC}") = "MaxMethod", "MaxMethod\MaxMethod.csproj", "{9AC1B1BC-B64E-44A2-81B3-2D3395C5208E}"
EndProject
Project("{FAE04EC0-301F-11D3-BF4B-00C04F79EFBC}") = "EnglishNameOfLastDigit", "EnglishNameOfLastDigit\EnglishNameOfLastDigit.csproj", "{E97E5380-0A2D-4B53-82B8-AC6C3DBEBE16}"
EndProject
Project("{FAE04EC0-301F-11D3-BF4B-00C04F79EFBC}") = "NumbersInReversedOrder", "NumbersInReversedOrder\NumbersInReversedOrder.csproj", "{03505D9D-3C51-42FB-A336-D3C3E12F0625}"
EndProject
Project("{FAE04EC0-301F-11D3-BF4B-00C04F79EFBC}") = "FibonacciNumbers", "FibonacciNumbers\FibonacciNumbers.csproj", "{8B412C5E-8012-43A0-B858-CB49566E9CB5}"
EndProject
Project("{FAE04EC0-301F-11D3-BF4B-00C04F79EFBC}") = "PrimeChecker", "PriceChecker\PrimeChecker.csproj", "{A773087E-4491-4FFD-9977-AB4A809829E4}"
EndProject
Global
	GlobalSection(SolutionConfigurationPlatforms) = preSolution
		Debug|Any CPU = Debug|Any CPU
		Release|Any CPU = Release|Any CPU
	EndGlobalSection
	GlobalSection(ProjectConfigurationPlatforms) = postSolution
		{21A08DEE-8A01-4141-8BFA-ECA1CC6855FE}.Debug|Any CPU.ActiveCfg = Debug|Any CPU
		{21A08DEE-8A01-4141-8BFA-ECA1CC6855FE}.Debug|Any CPU.Build.0 = Debug|Any CPU
		{21A08DEE-8A01-4141-8BFA-ECA1CC6855FE}.Release|Any CPU.ActiveCfg = Release|Any CPU
		{21A08DEE-8A01-4141-8BFA-ECA1CC6855FE}.Release|Any CPU.Build.0 = Release|Any CPU
		{9AC1B1BC-B64E-44A2-81B3-2D3395C5208E}.Debug|Any CPU.ActiveCfg = Debug|Any CPU
		{9AC1B1BC-B64E-44A2-81B3-2D3395C5208E}.Debug|Any CPU.Build.0 = Debug|Any CPU
		{9AC1B1BC-B64E-44A2-81B3-2D3395C5208E}.Release|Any CPU.ActiveCfg = Release|Any CPU
		{9AC1B1BC-B64E-44A2-81B3-2D3395C5208E}.Release|Any CPU.Build.0 = Release|Any CPU
		{E97E5380-0A2D-4B53-82B8-AC6C3DBEBE16}.Debug|Any CPU.ActiveCfg = Debug|Any CPU
		{E97E5380-0A2D-4B53-82B8-AC6C3DBEBE16}.Debug|Any CPU.Build.0 = Debug|Any CPU
		{E97E5380-0A2D-4B53-82B8-AC6C3DBEBE16}.Release|Any CPU.ActiveCfg = Release|Any CPU
		{E97E5380-0A2D-4B53-82B8-AC6C3DBEBE16}.Release|Any CPU.Build.0 = Release|Any CPU
		{03505D9D-3C51-42FB-A336-D3C3E12F0625}.Debug|Any CPU.ActiveCfg = Debug|Any CPU
		{03505D9D-3C51-42FB-A336-D3C3E12F0625}.Debug|Any CPU.Build.0 = Debug|Any CPU
		{03505D9D-3C51-42FB-A336-D3C3E12F0625}.Release|Any CPU.ActiveCfg = Release|Any CPU
		{03505D9D-3C51-42FB-A336-D3C3E12F0625}.Release|Any CPU.Build.0 = Release|Any CPU
		{8B412C5E-8012-43A0-B858-CB49566E9CB5}.Debug|Any CPU.ActiveCfg = Debug|Any CPU
		{8B412C5E-8012-43A0-B858-CB49566E9CB5}.Debug|Any CPU.Build.0 = Debug|Any CPU
		{8B412C5E-8012-43A0-B858-CB49566E9CB5}.Release|Any CPU.ActiveCfg = Release|Any CPU
		{8B412C5E-8012-43A0-B858-CB49566E9CB5}.Release|Any CPU.Build.0 = Release|Any CPU
		{A773087E-4491-4FFD-9977-AB4A809829E4}.Debug|Any CPU.ActiveCfg = Debug|Any CPU
		{A773087E-4491-4FFD-9977-AB4A809829E4}.Debug|Any CPU.Build.0 = Debug|Any CPU
		{A773087E-4491-4FFD-9977-AB4A809829E4}.Release|Any CPU.ActiveCfg = Release|Any CPU
		{A773087E-4491-4FFD-9977-AB4A809829E4}.Release|Any CPU.Build.0 = Release|Any CPU
	EndGlobalSection
	GlobalSection(SolutionProperties) = preSolution
		HideSolutionNode = FALSE
	EndGlobalSection
EndGlobal
